PODS:
  - AFNetworking (3.2.1):
    - AFNetworking/NSURLSession (= 3.2.1)
    - AFNetworking/Reachability (= 3.2.1)
    - AFNetworking/Security (= 3.2.1)
    - AFNetworking/Serialization (= 3.2.1)
    - AFNetworking/UIKit (= 3.2.1)
  - AFNetworking/NSURLSession (3.2.1):
    - AFNetworking/Reachability
    - AFNetworking/Security
    - AFNetworking/Serialization
  - AFNetworking/Reachability (3.2.1)
  - AFNetworking/Security (3.2.1)
  - AFNetworking/Serialization (3.2.1)
  - AFNetworking/UIKit (3.2.1):
    - AFNetworking/NSURLSession
  - AMap3DMap (6.2.0):
    - AMapFoundation (~> 1.5)
  - AMapFoundation (1.5.2)
  - AMapLocation (2.6.0):
    - AMapFoundation (~> 1.4)
  - AMapSearch (6.1.1):
    - AMapFoundation (~> 1.4)
  - Masonry (1.1.0)
  - Realm (3.6.0):
    - Realm/Headers (= 3.6.0)
  - Realm/Headers (3.6.0)
  - YYKit (1.0.9):
    - YYKit/no-arc (= 1.0.9)
  - YYKit/no-arc (1.0.9)

DEPENDENCIES:
  - AFNetworking
  - AMap3DMap
  - AMapLocation
  - AMapSearch
  - Masonry
  - Realm
  - YYKit

SPEC REPOS:
  https://github.com/CocoaPods/Specs.git:
    - AFNetworking
    - AMap3DMap
    - AMapFoundation
    - AMapLocation
    - AMapSearch
    - Masonry
    - Realm
    - YYKit

SPEC CHECKSUMS:
  AFNetworking: b6f891fdfaed196b46c7a83cf209e09697b94057
  AMap3DMap: 4170b8e1674883eefc068e277abf4dbaa9ea5f2d
  AMapFoundation: 46b194013a3b06e0e82e8963108ceb972d4200b8
  AMapLocation: 55116a2c8956eab7550cbb56e989aa5cdcc424e3
  AMapSearch: 3dcbf85c403a2a0fe0eda5318caabc272b31f5e1
  Masonry: 678fab65091a9290e40e2832a55e7ab731aad201
  Realm: 08b464b462d4f31bbd4ba5f5a1c8722ef0a700b7
  YYKit: 7cda43304a8dc3696c449041e2cb3107b4e236e7

PODFILE CHECKSUM: 5e035ba8df73275b7cbb909bf176ef957a01b1f2

COCOAPODS: 1.5.0
