// !$*UTF8*$!
{
	archiveVersion = 1;
	classes = {
	};
	objectVersion = 50;
	objects = {

/* Begin PBXBuildFile section */
		42156AC420C4D8F100C2A7FF /* AppDelegate.m in Sources */ = {isa = PBXBuildFile; fileRef = 42156AC320C4D8F100C2A7FF /* AppDelegate.m */; };
		42156AC720C4D8F100C2A7FF /* ViewController.m in Sources */ = {isa = PBXBuildFile; fileRef = 42156AC620C4D8F100C2A7FF /* ViewController.m */; };
		42156ACA20C4D8F100C2A7FF /* Main.storyboard in Resources */ = {isa = PBXBuildFile; fileRef = 42156AC820C4D8F100C2A7FF /* Main.storyboard */; };
		42156ACC20C4D8F200C2A7FF /* Assets.xcassets in Resources */ = {isa = PBXBuildFile; fileRef = 42156ACB20C4D8F200C2A7FF /* Assets.xcassets */; };
		42156ACF20C4D8F200C2A7FF /* LaunchScreen.storyboard in Resources */ = {isa = PBXBuildFile; fileRef = 42156ACD20C4D8F200C2A7FF /* LaunchScreen.storyboard */; };
		42156AD220C4D8F200C2A7FF /* main.m in Sources */ = {isa = PBXBuildFile; fileRef = 42156AD120C4D8F200C2A7FF /* main.m */; };
/* End PBXBuildFile section */

/* Begin PBXFileReference section */
		42156ABF20C4D8F100C2A7FF /* 定位.app */ = {isa = PBXFileReference; explicitFileType = wrapper.application; includeInIndex = 0; path = "定位.app"; sourceTree = BUILT_PRODUCTS_DIR; };
		42156AC220C4D8F100C2A7FF /* AppDelegate.h */ = {isa = PBXFileReference; lastKnownFileType = sourcecode.c.h; path = AppDelegate.h; sourceTree = "<group>"; };
		42156AC320C4D8F100C2A7FF /* AppDelegate.m */ = {isa = PBXFileReference; lastKnownFileType = sourcecode.c.objc; path = AppDelegate.m; sourceTree = "<group>"; };
		42156AC520C4D8F100C2A7FF /* ViewController.h */ = {isa = PBXFileReference; lastKnownFileType = sourcecode.c.h; path = ViewController.h; sourceTree = "<group>"; };
		42156AC620C4D8F100C2A7FF /* ViewController.m */ = {isa = PBXFileReference; lastKnownFileType = sourcecode.c.objc; path = ViewController.m; sourceTree = "<group>"; };
		42156AC920C4D8F100C2A7FF /* Base */ = {isa = PBXFileReference; lastKnownFileType = file.storyboard; name = Base; path = Base.lproj/Main.storyboard; sourceTree = "<group>"; };
		42156ACB20C4D8F200C2A7FF /* Assets.xcassets */ = {isa = PBXFileReference; lastKnownFileType = folder.assetcatalog; path = Assets.xcassets; sourceTree = "<group>"; };
		42156ACE20C4D8F200C2A7FF /* Base */ = {isa = PBXFileReference; lastKnownFileType = file.storyboard; name = Base; path = Base.lproj/LaunchScreen.storyboard; sourceTree = "<group>"; };
		42156AD020C4D8F200C2A7FF /* Info.plist */ = {isa = PBXFileReference; lastKnownFileType = text.plist.xml; path = Info.plist; sourceTree = "<group>"; };
		42156AD120C4D8F200C2A7FF /* main.m */ = {isa = PBXFileReference; lastKnownFileType = sourcecode.c.objc; path = main.m; sourceTree = "<group>"; };
/* End PBXFileReference section */

/* Begin PBXFrameworksBuildPhase section */
		42156ABC20C4D8F100C2A7FF /* Frameworks */ = {
			isa = PBXFrameworksBuildPhase;
			buildActionMask = 2147483647;
			files = (
			);
			runOnlyForDeploymentPostprocessing = 0;
		};
/* End PBXFrameworksBuildPhase section */

/* Begin PBXGroup section */
		42156AB620C4D8F100C2A7FF = {
			isa = PBXGroup;
			children = (
				42156AC120C4D8F100C2A7FF /* 定位 */,
				42156AC020C4D8F100C2A7FF /* Products */,
			);
			sourceTree = "<group>";
		};
		42156AC020C4D8F100C2A7FF /* Products */ = {
			isa = PBXGroup;
			children = (
				42156ABF20C4D8F100C2A7FF /* 定位.app */,
			);
			name = Products;
			sourceTree = "<group>";
		};
		42156AC120C4D8F100C2A7FF /* 定位 */ = {
			isa = PBXGroup;
			children = (
				42156AC220C4D8F100C2A7FF /* AppDelegate.h */,
				42156AC320C4D8F100C2A7FF /* AppDelegate.m */,
				42156AC520C4D8F100C2A7FF /* ViewController.h */,
				42156AC620C4D8F100C2A7FF /* ViewController.m */,
				42156AC820C4D8F100C2A7FF /* Main.storyboard */,
				42156ACB20C4D8F200C2A7FF /* Assets.xcassets */,
				42156ACD20C4D8F200C2A7FF /* LaunchScreen.storyboard */,
				42156AD020C4D8F200C2A7FF /* Info.plist */,
				42156AD120C4D8F200C2A7FF /* main.m */,
			);
			path = "定位";
			sourceTree = "<group>";
		};
/* End PBXGroup section */

/* Begin PBXNativeTarget section */
		42156ABE20C4D8F100C2A7FF /* 定位 */ = {
			isa = PBXNativeTarget;
			buildConfigurationList = 42156AD520C4D8F200C2A7FF /* Build configuration list for PBXNativeTarget "定位" */;
			buildPhases = (
				42156ABB20C4D8F100C2A7FF /* Sources */,
				42156ABC20C4D8F100C2A7FF /* Frameworks */,
				42156ABD20C4D8F100C2A7FF /* Resources */,
			);
			buildRules = (
			);
			dependencies = (
			);
			name = "定位";
			productName = "定位";
			productReference = 42156ABF20C4D8F100C2A7FF /* 定位.app */;
			productType = "com.apple.product-type.application";
		};
/* End PBXNativeTarget section */

/* Begin PBXProject section */
		42156AB720C4D8F100C2A7FF /* Project object */ = {
			isa = PBXProject;
			attributes = {
				LastUpgradeCheck = 0930;
				ORGANIZATIONNAME = zy;
				TargetAttributes = {
					42156ABE20C4D8F100C2A7FF = {
						CreatedOnToolsVersion = 9.3.1;
					};
				};
			};
			buildConfigurationList = 42156ABA20C4D8F100C2A7FF /* Build configuration list for PBXProject "定位" */;
			compatibilityVersion = "Xcode 9.3";
			developmentRegion = en;
			hasScannedForEncodings = 0;
			knownRegions = (
				en,
				Base,
			);
			mainGroup = 42156AB620C4D8F100C2A7FF;
			productRefGroup = 42156AC020C4D8F100C2A7FF /* Products */;
			projectDirPath = "";
			projectRoot = "";
			targets = (
				42156ABE20C4D8F100C2A7FF /* 定位 */,
			);
		};
/* End PBXProject section */

/* Begin PBXResourcesBuildPhase section */
		42156ABD20C4D8F100C2A7FF /* Resources */ = {
			isa = PBXResourcesBuildPhase;
			buildActionMask = 2147483647;
			files = (
				42156ACF20C4D8F200C2A7FF /* LaunchScreen.storyboard in Resources */,
				42156ACC20C4D8F200C2A7FF /* Assets.xcassets in Resources */,
				42156ACA20C4D8F100C2A7FF /* Main.storyboard in Resources */,
			);
			runOnlyForDeploymentPostprocessing = 0;
		};
/* End PBXResourcesBuildPhase section */

/* Begin PBXSourcesBuildPhase section */
		42156ABB20C4D8F100C2A7FF /* Sources */ = {
			isa = PBXSourcesBuildPhase;
			buildActionMask = 2147483647;
			files = (
				42156AC720C4D8F100C2A7FF /* ViewController.m in Sources */,
				42156AD220C4D8F200C2A7FF /* main.m in Sources */,
				42156AC420C4D8F100C2A7FF /* AppDelegate.m in Sources */,
			);
			runOnlyForDeploymentPostprocessing = 0;
		};
/* End PBXSourcesBuildPhase section */

/* Begin PBXVariantGroup section */
		42156AC820C4D8F100C2A7FF /* Main.storyboard */ = {
			isa = PBXVariantGroup;
			children = (
				42156AC920C4D8F100C2A7FF /* Base */,
			);
			name = Main.storyboard;
			sourceTree = "<group>";
		};
		42156ACD20C4D8F200C2A7FF /* LaunchScreen.storyboard */ = {
			isa = PBXVariantGroup;
			children = (
				42156ACE20C4D8F200C2A7FF /* Base */,
			);
			name = LaunchScreen.storyboard;
			sourceTree = "<group>";
		};
/* End PBXVariantGroup section */

/* Begin XCBuildConfiguration section */
		42156AD320C4D8F200C2A7FF /* Debug */ = {
			isa = XCBuildConfiguration;
			buildSettings = {
				ALWAYS_SEARCH_USER_PATHS = NO;
				CLANG_ANALYZER_NONNULL = YES;
				CLANG_ANALYZER_NUMBER_OBJECT_CONVERSION = YES_AGGRESSIVE;
				CLANG_CXX_LANGUAGE_STANDARD = "gnu++14";
				CLANG_CXX_LIBRARY = "libc++";
				CLANG_ENABLE_MODULES = YES;
				CLANG_ENABLE_OBJC_ARC = YES;
				CLANG_ENABLE_OBJC_WEAK = YES;
				CLANG_WARN_BLOCK_CAPTURE_AUTORELEASING = YES;
				CLANG_WARN_BOOL_CONVERSION = YES;
				CLANG_WARN_COMMA = YES;
				CLANG_WARN_CONSTANT_CONVERSION = YES;
				CLANG_WARN_DEPRECATED_OBJC_IMPLEMENTATIONS = YES;
				CLANG_WARN_DIRECT_OBJC_ISA_USAGE = YES_ERROR;
				CLANG_WARN_DOCUMENTATION_COMMENTS = YES;
				CLANG_WARN_EMPTY_BODY = YES;
				CLANG_WARN_ENUM_CONVERSION = YES;
				CLANG_WARN_INFINITE_RECURSION = YES;
				CLANG_WARN_INT_CONVERSION = YES;
				CLANG_WARN_NON_LITERAL_NULL_CONVERSION = YES;
				CLANG_WARN_OBJC_IMPLICIT_RETAIN_SELF = YES;
				CLANG_WARN_OBJC_LITERAL_CONVERSION = YES;
				CLANG_WARN_OBJC_ROOT_CLASS = YES_ERROR;
				CLANG_WARN_RANGE_LOOP_ANALYSIS = YES;
				CLANG_WARN_STRICT_PROTOTYPES = YES;
				CLANG_WARN_SUSPICIOUS_MOVE = YES;
				CLANG_WARN_UNGUARDED_AVAILABILITY = YES_AGGRESSIVE;
				CLANG_WARN_UNREACHABLE_CODE = YES;
				CLANG_WARN__DUPLICATE_METHOD_MATCH = YES;
				CODE_SIGN_IDENTITY = "iPhone Developer";
				COPY_PHASE_STRIP = NO;
				DEBUG_INFORMATION_FORMAT = dwarf;
				ENABLE_STRICT_OBJC_MSGSEND = YES;
				ENABLE_TESTABILITY = YES;
				GCC_C_LANGUAGE_STANDARD = gnu11;
				GCC_DYNAMIC_NO_PIC = NO;
				GCC_NO_COMMON_BLOCKS = YES;
				GCC_OPTIMIZATION_LEVEL = 0;
				GCC_PREPROCESSOR_DEFINITIONS = (
					"DEBUG=1",
					"$(inherited)",
				);
				GCC_WARN_64_TO_32_BIT_CONVERSION = YES;
				GCC_WARN_ABOUT_RETURN_TYPE = YES_ERROR;
				GCC_WARN_UNDECLARED_SELECTOR = YES;
				GCC_WARN_UNINITIALIZED_AUTOS = YES_AGGRESSIVE;
				GCC_WARN_UNUSED_FUNCTION = YES;
				GCC_WARN_UNUSED_VARIABLE = YES;
				IPHONEOS_DEPLOYMENT_TARGET = 11.3;
				MTL_ENABLE_DEBUG_INFO = YES;
				ONLY_ACTIVE_ARCH = YES;
				SDKROOT = iphoneos;
			};
			name = Debug;
		};
		42156AD420C4D8F200C2A7FF /* Release */ = {
			isa = XCBuildConfiguration;
			buildSettings = {
				ALWAYS_SEARCH_USER_PATHS = NO;
				CLANG_ANALYZER_NONNULL = YES;
				CLANG_ANALYZER_NUMBER_OBJECT_CONVERSION = YES_AGGRESSIVE;
				CLANG_CXX_LANGUAGE_STANDARD = "gnu++14";
				CLANG_CXX_LIBRARY = "libc++";
				CLANG_ENABLE_MODULES = YES;
				CLANG_ENABLE_OBJC_ARC = YES;
				CLANG_ENABLE_OBJC_WEAK = YES;
				CLANG_WARN_BLOCK_CAPTURE_AUTORELEASING = YES;
				CLANG_WARN_BOOL_CONVERSION = YES;
				CLANG_WARN_COMMA = YES;
				CLANG_WARN_CONSTANT_CONVERSION = YES;
				CLANG_WARN_DEPRECATED_OBJC_IMPLEMENTATIONS = YES;
				CLANG_WARN_DIRECT_OBJC_ISA_USAGE = YES_ERROR;
				CLANG_WARN_DOCUMENTATION_COMMENTS = YES;
				CLANG_WARN_EMPTY_BODY = YES;
				CLANG_WARN_ENUM_CONVERSION = YES;
				CLANG_WARN_INFINITE_RECURSION = YES;
				CLANG_WARN_INT_CONVERSION = YES;
				CLANG_WARN_NON_LITERAL_NULL_CONVERSION = YES;
				CLANG_WARN_OBJC_IMPLICIT_RETAIN_SELF = YES;
				CLANG_WARN_OBJC_LITERAL_CONVERSION = YES;
				CLANG_WARN_OBJC_ROOT_CLASS = YES_ERROR;
				CLANG_WARN_RANGE_LOOP_ANALYSIS = YES;
				CLANG_WARN_STRICT_PROTOTYPES = YES;
				CLANG_WARN_SUSPICIOUS_MOVE = YES;
				CLANG_WARN_UNGUARDED_AVAILABILITY = YES_AGGRESSIVE;
				CLANG_WARN_UNREACHABLE_CODE = YES;
				CLANG_WARN__DUPLICATE_METHOD_MATCH = YES;
				CODE_SIGN_IDENTITY = "iPhone Developer";
				COPY_PHASE_STRIP = NO;
				DEBUG_INFORMATION_FORMAT = "dwarf-with-dsym";
				ENABLE_NS_ASSERTIONS = NO;
				ENABLE_STRICT_OBJC_MSGSEND = YES;
				GCC_C_LANGUAGE_STANDARD = gnu11;
				GCC_NO_COMMON_BLOCKS = YES;
				GCC_WARN_64_TO_32_BIT_CONVERSION = YES;
				GCC_WARN_ABOUT_RETURN_TYPE = YES_ERROR;
				GCC_WARN_UNDECLARED_SELECTOR = YES;
				GCC_WARN_UNINITIALIZED_AUTOS = YES_AGGRESSIVE;
				GCC_WARN_UNUSED_FUNCTION = YES;
				GCC_WARN_UNUSED_VARIABLE = YES;
				IPHONEOS_DEPLOYMENT_TARGET = 11.3;
				MTL_ENABLE_DEBUG_INFO = NO;
				SDKROOT = iphoneos;
				VALIDATE_PRODUCT = YES;
			};
			name = Release;
		};
		42156AD620C4D8F200C2A7FF /* Debug */ = {
			isa = XCBuildConfiguration;
			buildSettings = {
				ASSETCATALOG_COMPILER_APPICON_NAME = AppIcon;
				CODE_SIGN_STYLE = Automatic;
				DEVELOPMENT_TEAM = P32KBN5NR6;
				INFOPLIST_FILE = "定位/Info.plist";
				LD_RUNPATH_SEARCH_PATHS = (
					"$(inherited)",
					"@executable_path/Frameworks",
				);
				PRODUCT_BUNDLE_IDENTIFIER = "zy.--";
				PRODUCT_NAME = "$(TARGET_NAME)";
				TARGETED_DEVICE_FAMILY = "1,2";
			};
			name = Debug;
		};
		42156AD720C4D8F200C2A7FF /* Release */ = {
			isa = XCBuildConfiguration;
			buildSettings = {
				ASSETCATALOG_COMPILER_APPICON_NAME = AppIcon;
				CODE_SIGN_STYLE = Automatic;
				DEVELOPMENT_TEAM = P32KBN5NR6;
				INFOPLIST_FILE = "定位/Info.plist";
				LD_RUNPATH_SEARCH_PATHS = (
					"$(inherited)",
					"@executable_path/Frameworks",
				);
				PRODUCT_BUNDLE_IDENTIFIER = "zy.--";
				PRODUCT_NAME = "$(TARGET_NAME)";
				TARGETED_DEVICE_FAMILY = "1,2";
			};
			name = Release;
		};
/* End XCBuildConfiguration section */

/* Begin XCConfigurationList section */
		42156ABA20C4D8F100C2A7FF /* Build configuration list for PBXProject "定位" */ = {
			isa = XCConfigurationList;
			buildConfigurations = (
				42156AD320C4D8F200C2A7FF /* Debug */,
				42156AD420C4D8F200C2A7FF /* Release */,
			);
			defaultConfigurationIsVisible = 0;
			defaultConfigurationName = Release;
		};
		42156AD520C4D8F200C2A7FF /* Build configuration list for PBXNativeTarget "定位" */ = {
			isa = XCConfigurationList;
			buildConfigurations = (
				42156AD620C4D8F200C2A7FF /* Debug */,
				42156AD720C4D8F200C2A7FF /* Release */,
			);
			defaultConfigurationIsVisible = 0;
			defaultConfigurationName = Release;
		};
/* End XCConfigurationList section */
	};
	rootObject = 42156AB720C4D8F100C2A7FF /* Project object */;
}
